
Microsoft Visual Studio Solution File, Format Version 12.00
# Visual Studio 15
Project("{FAE04EC0-301F-11D3-BF4B-00C04F79EFBC}") = "Assembly-CSharp", "Assembly-CSharp.csproj", "{B09EFBAA-59B6-4278-D044-FC7183EBB95E}"
EndProject
Global
	GlobalSection(SolutionConfigurationPlatforms) = preSolution
		Debug|Any CPU = Debug|Any CPU
		Release|Any CPU = Release|Any CPU
	EndGlobalSection
	GlobalSection(ProjectConfigurationPlatforms) = postSolution
		{B09EFBAA-59B6-4278-D044-FC7183EBB95E}.Debug|Any CPU.ActiveCfg = Debug|Any CPU
		{B09EFBAA-59B6-4278-D044-FC7183EBB95E}.Debug|Any CPU.Build.0 = Debug|Any CPU
		{B09EFBAA-59B6-4278-D044-FC7183EBB95E}.Release|Any CPU.ActiveCfg = Release|Any CPU
		{B09EFBAA-59B6-4278-D044-FC7183EBB95E}.Release|Any CPU.Build.0 = Release|Any CPU
	EndGlobalSection
	GlobalSection(SolutionProperties) = preSolution
		HideSolutionNode = FALSE
	EndGlobalSection
EndGlobal
